
Microsoft Visual Studio Solution File, Format Version 12.00
# Visual Studio 15
VisualStudioVersion = 15.0.26730.12
MinimumVisualStudioVersion = 10.0.40219.1
Project("{8BC9CEB8-8B4A-11D0-8D11-00A0C91BC942}") = "CPlus_Beginners", "CPlus_Beginners\CPlus_Beginners.vcxproj", "{205B202F-F0CB-4E5B-BE8F-019721B4B96D}"
EndProject
Global
	GlobalSection(SolutionConfigurationPlatforms) = preSolution
		Debug|x64 = Debug|x64
		Debug|x86 = Debug|x86
		Release|x64 = Release|x64
		Release|x86 = Release|x86
	EndGlobalSection
	GlobalSection(ProjectConfigurationPlatforms) = postSolution
		{205B202F-F0CB-4E5B-BE8F-019721B4B96D}.Debug|x64.ActiveCfg = Debug|x64
		{205B202F-F0CB-4E5B-BE8F-019721B4B96D}.Debug|x64.Build.0 = Debug|x64
		{205B202F-F0CB-4E5B-BE8F-019721B4B96D}.Debug|x86.ActiveCfg = Debug|Win32
		{205B202F-F0CB-4E5B-BE8F-019721B4B96D}.Debug|x86.Build.0 = Debug|Win32
		{205B202F-F0CB-4E5B-BE8F-019721B4B96D}.Release|x64.ActiveCfg = Release|x64
		{205B202F-F0CB-4E5B-BE8F-019721B4B96D}.Release|x64.Build.0 = Release|x64
		{205B202F-F0CB-4E5B-BE8F-019721B4B96D}.Release|x86.ActiveCfg = Release|Win32
		{205B202F-F0CB-4E5B-BE8F-019721B4B96D}.Release|x86.Build.0 = Release|Win32
	EndGlobalSection
	GlobalSection(SolutionProperties) = preSolution
		HideSolutionNode = FALSE
	EndGlobalSection
	GlobalSection(ExtensibilityGlobals) = postSolution
		SolutionGuid = {44D4E3B9-B0A8-4838-AD79-46E5325BE5F7}
	EndGlobalSection
EndGlobal
